
Microsoft Visual Studio Solution File, Format Version 12.00
# Visual Studio 15
VisualStudioVersion = 15.0.27428.2015
MinimumVisualStudioVersion = 10.0.40219.1
Project("{9A19103F-16F7-4668-BE54-9A1E7A4F7556}") = "Build", "Build\Build.csproj", "{9E5550A9-29B5-445A-B6C8-70E4C210AEE8}"
EndProject
Project("{9A19103F-16F7-4668-BE54-9A1E7A4F7556}") = "UnitTests", "UnitTestProject\UnitTests.csproj", "{B4267EC6-7798-4998-A28E-78A143401E22}"
EndProject
Global
	GlobalSection(SolutionConfigurationPlatforms) = preSolution
		Debug|Any CPU = Debug|Any CPU
		Release|Any CPU = Release|Any CPU
	EndGlobalSection
	GlobalSection(ProjectConfigurationPlatforms) = postSolution
		{9E5550A9-29B5-445A-B6C8-70E4C210AEE8}.Debug|Any CPU.ActiveCfg = Debug|Any CPU
		{9E5550A9-29B5-445A-B6C8-70E4C210AEE8}.Debug|Any CPU.Build.0 = Debug|Any CPU
		{9E5550A9-29B5-445A-B6C8-70E4C210AEE8}.Release|Any CPU.ActiveCfg = Release|Any CPU
		{9E5550A9-29B5-445A-B6C8-70E4C210AEE8}.Release|Any CPU.Build.0 = Release|Any CPU
		{B4267EC6-7798-4998-A28E-78A143401E22}.Debug|Any CPU.ActiveCfg = Debug|Any CPU
		{B4267EC6-7798-4998-A28E-78A143401E22}.Debug|Any CPU.Build.0 = Debug|Any CPU
		{B4267EC6-7798-4998-A28E-78A143401E22}.Release|Any CPU.ActiveCfg = Release|Any CPU
		{B4267EC6-7798-4998-A28E-78A143401E22}.Release|Any CPU.Build.0 = Release|Any CPU
	EndGlobalSection
	GlobalSection(SolutionProperties) = preSolution
		HideSolutionNode = FALSE
	EndGlobalSection
	GlobalSection(ExtensibilityGlobals) = postSolution
		SolutionGuid = {B8050DDE-235A-4B64-8B00-5F6C4FF85FCD}
	EndGlobalSection
EndGlobal
