
Microsoft Visual Studio Solution File, Format Version 12.00
# Visual Studio 15
VisualStudioVersion = 15.0.27428.2015
MinimumVisualStudioVersion = 10.0.40219.1
Project("{9A19103F-16F7-4668-BE54-9A1E7A4F7556}") = "Build", "Build\Build.csproj", "{9E5550A9-29B5-445A-B6C8-70E4C210AEE8}"
EndProject
Project("{9A19103F-16F7-4668-BE54-9A1E7A4F7556}") = "UnitTests", "UnitTestProject\UnitTests.csproj", "{B4267EC6-7798-4998-A28E-78A143401E22}"
EndProject
Project("{2150E333-8FDC-42A3-9474-1A3956D46DE8}") = "Solution Items", "Solution Items", "{C3CADBD0-5988-4A54-8E7D-0553B84E80AA}"
	ProjectSection(SolutionItems) = preProject
		README.md = README.md
	EndProjectSection
EndProject
Project("{2150E333-8FDC-42A3-9474-1A3956D46DE8}") = "Examples", "Examples", "{C073BC12-6450-403F-B863-D2B9F6F8AB09}"
EndProject
Project("{9A19103F-16F7-4668-BE54-9A1E7A4F7556}") = "Loader", "Examples\AssemblyLoader\Loader.csproj", "{58C6D71D-F663-47C8-A17B-40CDB97F153F}"
	ProjectSection(ProjectDependencies) = postProject
		{CA323F95-6CCA-4585-A48F-3EBC86BB8A0D} = {CA323F95-6CCA-4585-A48F-3EBC86BB8A0D}
		{73023DAE-0E87-44FE-8996-3A8DC6F0540C} = {73023DAE-0E87-44FE-8996-3A8DC6F0540C}
	EndProjectSection
EndProject
Project("{9A19103F-16F7-4668-BE54-9A1E7A4F7556}") = "Lib1", "Examples\ClassLibraryA\Lib1.csproj", "{CA323F95-6CCA-4585-A48F-3EBC86BB8A0D}"
EndProject
Project("{9A19103F-16F7-4668-BE54-9A1E7A4F7556}") = "Lib2", "Examples\ClassLibraryB\Lib2.csproj", "{73023DAE-0E87-44FE-8996-3A8DC6F0540C}"
EndProject
Project("{9A19103F-16F7-4668-BE54-9A1E7A4F7556}") = "Api", "Examples\Api\Api.csproj", "{86905AD5-12DE-4FC0-A5B2-48BC64CDA717}"
EndProject
Project("{2150E333-8FDC-42A3-9474-1A3956D46DE8}") = "interface", "interface", "{301DE5D4-3DC9-4E15-9214-43B0D5500361}"
EndProject
Project("{2150E333-8FDC-42A3-9474-1A3956D46DE8}") = "decoupling", "decoupling", "{E46ABA7C-9784-498B-9E1B-CA4499836F49}"
	ProjectSection(SolutionItems) = preProject
		Examples\CodeProject\TierDecoupling\readme.md = Examples\CodeProject\TierDecoupling\readme.md
	EndProjectSection
EndProject
Project("{9A19103F-16F7-4668-BE54-9A1E7A4F7556}") = "BusinessCore.API", "Examples\CodeProject\TierDecoupling\BusinessCore.API\BusinessCore.API.csproj", "{63E759CF-38F4-461A-A47B-59AC75FC8620}"
EndProject
Project("{9A19103F-16F7-4668-BE54-9A1E7A4F7556}") = "DataCore.API", "Examples\CodeProject\TierDecoupling\DataCore.API\DataCore.API.csproj", "{4E10F9CC-4138-4CF3-A8FD-642B590774D7}"
EndProject
Project("{9A19103F-16F7-4668-BE54-9A1E7A4F7556}") = "BusinessCore", "Examples\CodeProject\TierDecoupling\BusinessCore\BusinessCore.csproj", "{35508CA7-8041-4494-AF6A-D3B6DB0AEDC2}"
EndProject
Project("{9A19103F-16F7-4668-BE54-9A1E7A4F7556}") = "DataCore", "Examples\CodeProject\TierDecoupling\DataCore\DataCore.csproj", "{D625B4AA-62F4-403C-9C39-35C282F02E88}"
EndProject
Project("{9A19103F-16F7-4668-BE54-9A1E7A4F7556}") = "PresentationCore", "Examples\CodeProject\TierDecoupling\PresentationCore\PresentationCore.csproj", "{262D36A2-7E59-4FA1-8F4D-0B1375660A96}"
EndProject
Project("{2150E333-8FDC-42A3-9474-1A3956D46DE8}") = "reference", "reference", "{A47FF6CD-3B17-4AA1-8A4E-95EF56FA9F88}"
EndProject
Project("{FAE04EC0-301F-11D3-BF4B-00C04F79EFBC}") = "Data", "Examples\CodeProject\TierDecoupling\Data\Data.csproj", "{8131B66F-3883-4ABB-8730-F814ADA1C023}"
EndProject
Project("{FAE04EC0-301F-11D3-BF4B-00C04F79EFBC}") = "Business", "Examples\CodeProject\TierDecoupling\Business\Business.csproj", "{DF851867-D400-43CD-BE96-1BEE854EC879}"
EndProject
Project("{FAE04EC0-301F-11D3-BF4B-00C04F79EFBC}") = "Presentation", "Examples\CodeProject\TierDecoupling\Presentation\Presentation.csproj", "{F5F840DC-57B4-4C00-8110-629E7D55B02B}"
EndProject
Global
	GlobalSection(SolutionConfigurationPlatforms) = preSolution
		Debug|Any CPU = Debug|Any CPU
		Release|Any CPU = Release|Any CPU
	EndGlobalSection
	GlobalSection(ProjectConfigurationPlatforms) = postSolution
		{9E5550A9-29B5-445A-B6C8-70E4C210AEE8}.Debug|Any CPU.ActiveCfg = Debug|Any CPU
		{9E5550A9-29B5-445A-B6C8-70E4C210AEE8}.Debug|Any CPU.Build.0 = Debug|Any CPU
		{9E5550A9-29B5-445A-B6C8-70E4C210AEE8}.Release|Any CPU.ActiveCfg = Release|Any CPU
		{9E5550A9-29B5-445A-B6C8-70E4C210AEE8}.Release|Any CPU.Build.0 = Release|Any CPU
		{B4267EC6-7798-4998-A28E-78A143401E22}.Debug|Any CPU.ActiveCfg = Debug|Any CPU
		{B4267EC6-7798-4998-A28E-78A143401E22}.Debug|Any CPU.Build.0 = Debug|Any CPU
		{B4267EC6-7798-4998-A28E-78A143401E22}.Release|Any CPU.ActiveCfg = Release|Any CPU
		{B4267EC6-7798-4998-A28E-78A143401E22}.Release|Any CPU.Build.0 = Release|Any CPU
		{58C6D71D-F663-47C8-A17B-40CDB97F153F}.Debug|Any CPU.ActiveCfg = Debug|Any CPU
		{58C6D71D-F663-47C8-A17B-40CDB97F153F}.Debug|Any CPU.Build.0 = Debug|Any CPU
		{58C6D71D-F663-47C8-A17B-40CDB97F153F}.Release|Any CPU.ActiveCfg = Release|Any CPU
		{58C6D71D-F663-47C8-A17B-40CDB97F153F}.Release|Any CPU.Build.0 = Release|Any CPU
		{CA323F95-6CCA-4585-A48F-3EBC86BB8A0D}.Debug|Any CPU.ActiveCfg = Debug|Any CPU
		{CA323F95-6CCA-4585-A48F-3EBC86BB8A0D}.Debug|Any CPU.Build.0 = Debug|Any CPU
		{CA323F95-6CCA-4585-A48F-3EBC86BB8A0D}.Release|Any CPU.ActiveCfg = Release|Any CPU
		{CA323F95-6CCA-4585-A48F-3EBC86BB8A0D}.Release|Any CPU.Build.0 = Release|Any CPU
		{73023DAE-0E87-44FE-8996-3A8DC6F0540C}.Debug|Any CPU.ActiveCfg = Debug|Any CPU
		{73023DAE-0E87-44FE-8996-3A8DC6F0540C}.Debug|Any CPU.Build.0 = Debug|Any CPU
		{73023DAE-0E87-44FE-8996-3A8DC6F0540C}.Release|Any CPU.ActiveCfg = Release|Any CPU
		{73023DAE-0E87-44FE-8996-3A8DC6F0540C}.Release|Any CPU.Build.0 = Release|Any CPU
		{86905AD5-12DE-4FC0-A5B2-48BC64CDA717}.Debug|Any CPU.ActiveCfg = Debug|Any CPU
		{86905AD5-12DE-4FC0-A5B2-48BC64CDA717}.Debug|Any CPU.Build.0 = Debug|Any CPU
		{86905AD5-12DE-4FC0-A5B2-48BC64CDA717}.Release|Any CPU.ActiveCfg = Release|Any CPU
		{86905AD5-12DE-4FC0-A5B2-48BC64CDA717}.Release|Any CPU.Build.0 = Release|Any CPU
		{63E759CF-38F4-461A-A47B-59AC75FC8620}.Debug|Any CPU.ActiveCfg = Debug|Any CPU
		{63E759CF-38F4-461A-A47B-59AC75FC8620}.Debug|Any CPU.Build.0 = Debug|Any CPU
		{63E759CF-38F4-461A-A47B-59AC75FC8620}.Release|Any CPU.ActiveCfg = Release|Any CPU
		{63E759CF-38F4-461A-A47B-59AC75FC8620}.Release|Any CPU.Build.0 = Release|Any CPU
		{4E10F9CC-4138-4CF3-A8FD-642B590774D7}.Debug|Any CPU.ActiveCfg = Debug|Any CPU
		{4E10F9CC-4138-4CF3-A8FD-642B590774D7}.Debug|Any CPU.Build.0 = Debug|Any CPU
		{4E10F9CC-4138-4CF3-A8FD-642B590774D7}.Release|Any CPU.ActiveCfg = Release|Any CPU
		{4E10F9CC-4138-4CF3-A8FD-642B590774D7}.Release|Any CPU.Build.0 = Release|Any CPU
		{35508CA7-8041-4494-AF6A-D3B6DB0AEDC2}.Debug|Any CPU.ActiveCfg = Debug|Any CPU
		{35508CA7-8041-4494-AF6A-D3B6DB0AEDC2}.Debug|Any CPU.Build.0 = Debug|Any CPU
		{35508CA7-8041-4494-AF6A-D3B6DB0AEDC2}.Release|Any CPU.ActiveCfg = Release|Any CPU
		{35508CA7-8041-4494-AF6A-D3B6DB0AEDC2}.Release|Any CPU.Build.0 = Release|Any CPU
		{D625B4AA-62F4-403C-9C39-35C282F02E88}.Debug|Any CPU.ActiveCfg = Debug|Any CPU
		{D625B4AA-62F4-403C-9C39-35C282F02E88}.Debug|Any CPU.Build.0 = Debug|Any CPU
		{D625B4AA-62F4-403C-9C39-35C282F02E88}.Release|Any CPU.ActiveCfg = Release|Any CPU
		{D625B4AA-62F4-403C-9C39-35C282F02E88}.Release|Any CPU.Build.0 = Release|Any CPU
		{262D36A2-7E59-4FA1-8F4D-0B1375660A96}.Debug|Any CPU.ActiveCfg = Debug|Any CPU
		{262D36A2-7E59-4FA1-8F4D-0B1375660A96}.Debug|Any CPU.Build.0 = Debug|Any CPU
		{262D36A2-7E59-4FA1-8F4D-0B1375660A96}.Release|Any CPU.ActiveCfg = Release|Any CPU
		{262D36A2-7E59-4FA1-8F4D-0B1375660A96}.Release|Any CPU.Build.0 = Release|Any CPU
		{8131B66F-3883-4ABB-8730-F814ADA1C023}.Debug|Any CPU.ActiveCfg = Debug|Any CPU
		{8131B66F-3883-4ABB-8730-F814ADA1C023}.Debug|Any CPU.Build.0 = Debug|Any CPU
		{8131B66F-3883-4ABB-8730-F814ADA1C023}.Release|Any CPU.ActiveCfg = Release|Any CPU
		{8131B66F-3883-4ABB-8730-F814ADA1C023}.Release|Any CPU.Build.0 = Release|Any CPU
		{DF851867-D400-43CD-BE96-1BEE854EC879}.Debug|Any CPU.ActiveCfg = Debug|Any CPU
		{DF851867-D400-43CD-BE96-1BEE854EC879}.Debug|Any CPU.Build.0 = Debug|Any CPU
		{DF851867-D400-43CD-BE96-1BEE854EC879}.Release|Any CPU.ActiveCfg = Release|Any CPU
		{DF851867-D400-43CD-BE96-1BEE854EC879}.Release|Any CPU.Build.0 = Release|Any CPU
		{F5F840DC-57B4-4C00-8110-629E7D55B02B}.Debug|Any CPU.ActiveCfg = Debug|Any CPU
		{F5F840DC-57B4-4C00-8110-629E7D55B02B}.Debug|Any CPU.Build.0 = Debug|Any CPU
		{F5F840DC-57B4-4C00-8110-629E7D55B02B}.Release|Any CPU.ActiveCfg = Release|Any CPU
		{F5F840DC-57B4-4C00-8110-629E7D55B02B}.Release|Any CPU.Build.0 = Release|Any CPU
	EndGlobalSection
	GlobalSection(SolutionProperties) = preSolution
		HideSolutionNode = FALSE
	EndGlobalSection
	GlobalSection(NestedProjects) = preSolution
		{58C6D71D-F663-47C8-A17B-40CDB97F153F} = {301DE5D4-3DC9-4E15-9214-43B0D5500361}
		{CA323F95-6CCA-4585-A48F-3EBC86BB8A0D} = {301DE5D4-3DC9-4E15-9214-43B0D5500361}
		{73023DAE-0E87-44FE-8996-3A8DC6F0540C} = {301DE5D4-3DC9-4E15-9214-43B0D5500361}
		{86905AD5-12DE-4FC0-A5B2-48BC64CDA717} = {301DE5D4-3DC9-4E15-9214-43B0D5500361}
		{301DE5D4-3DC9-4E15-9214-43B0D5500361} = {C073BC12-6450-403F-B863-D2B9F6F8AB09}
		{E46ABA7C-9784-498B-9E1B-CA4499836F49} = {C073BC12-6450-403F-B863-D2B9F6F8AB09}
		{63E759CF-38F4-461A-A47B-59AC75FC8620} = {E46ABA7C-9784-498B-9E1B-CA4499836F49}
		{4E10F9CC-4138-4CF3-A8FD-642B590774D7} = {E46ABA7C-9784-498B-9E1B-CA4499836F49}
		{35508CA7-8041-4494-AF6A-D3B6DB0AEDC2} = {E46ABA7C-9784-498B-9E1B-CA4499836F49}
		{D625B4AA-62F4-403C-9C39-35C282F02E88} = {E46ABA7C-9784-498B-9E1B-CA4499836F49}
		{262D36A2-7E59-4FA1-8F4D-0B1375660A96} = {E46ABA7C-9784-498B-9E1B-CA4499836F49}
		{A47FF6CD-3B17-4AA1-8A4E-95EF56FA9F88} = {E46ABA7C-9784-498B-9E1B-CA4499836F49}
		{8131B66F-3883-4ABB-8730-F814ADA1C023} = {A47FF6CD-3B17-4AA1-8A4E-95EF56FA9F88}
		{DF851867-D400-43CD-BE96-1BEE854EC879} = {A47FF6CD-3B17-4AA1-8A4E-95EF56FA9F88}
		{F5F840DC-57B4-4C00-8110-629E7D55B02B} = {A47FF6CD-3B17-4AA1-8A4E-95EF56FA9F88}
	EndGlobalSection
	GlobalSection(ExtensibilityGlobals) = postSolution
		SolutionGuid = {B8050DDE-235A-4B64-8B00-5F6C4FF85FCD}
	EndGlobalSection
EndGlobal
